# THIS IS AN AUTOGENERATED FILE. DO NOT EDIT THIS FILE DIRECTLY.
# yarn lockfile v1


"@types/prop-types@*":
  version "15.7.4"
  resolved "https://registry.yarnpkg.com/@types/prop-types/-/prop-types-15.7.4.tgz#fcf7205c25dff795ee79af1e30da2c9790808f11"
  integrity sha512-rZ5drC/jWjrArrS8BR6SIr4cWpW09RNTYt9AMZo3Jwwif+iacXAqgVjm0B0Bv/S1jhDXKHqRVNCbACkJ89RAnQ==

"@types/react-modal@^3.13.1":
  version "3.13.1"
  resolved "https://registry.yarnpkg.com/@types/react-modal/-/react-modal-3.13.1.tgz#5b9845c205fccc85d9a77966b6e16dc70a60825a"
  integrity sha512-iY/gPvTDIy6Z+37l+ibmrY+GTV4KQTHcCyR5FIytm182RQS69G5ps4PH2FxtC7bAQ2QRHXMevsBgck7IQruHNg==
  dependencies:
    "@types/react" "*"

"@types/react@*":
  version "17.0.41"
  resolved "https://registry.yarnpkg.com/@types/react/-/react-17.0.41.tgz#6e179590d276394de1e357b3f89d05d7d3da8b85"
  integrity sha512-chYZ9ogWUodyC7VUTRBfblysKLjnohhFY9bGLwvnUFFy48+vB9DikmB3lW0qTFmBcKSzmdglcvkHK71IioOlDA==
  dependencies:
    "@types/prop-types" "*"
    "@types/scheduler" "*"
    csstype "^3.0.2"

"@types/scheduler@*":
  version "0.16.2"
  resolved "https://registry.yarnpkg.com/@types/scheduler/-/scheduler-0.16.2.tgz#1a62f89525723dde24ba1b01b092bf5df8ad4d39"
  integrity sha512-hppQEBDmlwhFAXKJX2KnWLYu5yMfi91yazPb2l+lbJiwW+wdo1gNeRA+3RgNSO39WYX2euey41KEwnqesU2Jew==

csstype@^3.0.2:
  version "3.0.11"
  resolved "https://registry.yarnpkg.com/csstype/-/csstype-3.0.11.tgz#d66700c5eacfac1940deb4e3ee5642792d85cd33"
  integrity sha512-sa6P2wJ+CAbgyy4KFssIb/JNMLxFvKF1pCYCSXS8ZMuqZnMsrxqI2E5sPyoTpxoPU/gVZMzr2zjOfg8GIZOMsw==
